# THIS IS AN AUTOGENERATED FILE. DO NOT EDIT THIS FILE DIRECTLY.
# yarn lockfile v1


"chart.js@^3.9.1":
  "integrity" "sha512-Ro2JbLmvg83gXF5F4sniaQ+lTbSv18E+TIf2cOeiH1Iqd2PGFOtem+DUufMZsCJwFE7ywPOpfXFBwRTGq7dh6w=="
  "resolved" "https://registry.npmjs.org/chart.js/-/chart.js-3.9.1.tgz"
  "version" "3.9.1"

"fingerprintjs2@^2.1.4":
  "integrity" "sha512-veP2yVsnYvjDVkzZMyIEwpqCAQfsBLH+U4PK5MlFAnLjZrttbdRqEArE1fPcnJFz5oS5CrdONbsV7J6FGpIJEQ=="
  "resolved" "https://registry.npmjs.org/fingerprintjs2/-/fingerprintjs2-2.1.4.tgz"
  "version" "2.1.4"

"jquery-validation@^1.19.5":
  "integrity" "sha512-X2SmnPq1mRiDecVYL8edWx+yTBZDyC8ohWXFhXdtqFHgU9Wd4KHkvcbCoIZ0JaSaumzS8s2gXSkP8F7ivg/8ZQ=="
  "resolved" "https://registry.npmjs.org/jquery-validation/-/jquery-validation-1.19.5.tgz"
  "version" "1.19.5"

"jquery@^1.7 || ^2.0 || ^3.1":
  "integrity" "sha512-opJeO4nCucVnsjiXOE+/PcCgYw9Gwpvs/a6B1LL/lQhwWwpbVEVYDZ1FokFr8PRc7ghYlrFPuyHuiiDNTQxmcw=="
  "resolved" "https://registry.npmjs.org/jquery/-/jquery-3.6.1.tgz"
  "version" "3.6.1"

"semantic-ui-dropdown@^2.5.0":
  "integrity" "sha512-uM6XB9nM+8d65eLyBr/wwefeXzn+wudz2i71lDxvzP9k0LQxJ/stQwMwtp06WHQkegYpgo+HP58Q6Sfsn4W7ZQ=="
  "resolved" "https://registry.npmjs.org/semantic-ui-dropdown/-/semantic-ui-dropdown-2.5.0.tgz"
  "version" "2.5.0"
